
Microsoft Visual Studio Solution File, Format Version 12.00
# Visual Studio 2012
Project("{8BC9CEB8-8B4A-11D0-8D11-00A0C91BC942}") = "takehome 5", "takehome 5\takehome 5.vcxproj", "{64056E12-15BE-4CA0-9B02-5A27B69EFC5A}"
EndProject
Global
	GlobalSection(SolutionConfigurationPlatforms) = preSolution
		Debug|Win32 = Debug|Win32
		Release|Win32 = Release|Win32
	EndGlobalSection
	GlobalSection(ProjectConfigurationPlatforms) = postSolution
		{64056E12-15BE-4CA0-9B02-5A27B69EFC5A}.Debug|Win32.ActiveCfg = Debug|Win32
		{64056E12-15BE-4CA0-9B02-5A27B69EFC5A}.Debug|Win32.Build.0 = Debug|Win32
		{64056E12-15BE-4CA0-9B02-5A27B69EFC5A}.Release|Win32.ActiveCfg = Release|Win32
		{64056E12-15BE-4CA0-9B02-5A27B69EFC5A}.Release|Win32.Build.0 = Release|Win32
	EndGlobalSection
	GlobalSection(SolutionProperties) = preSolution
		HideSolutionNode = FALSE
	EndGlobalSection
	GlobalSection(Performance) = preSolution
		HasPerformanceSessions = true
	EndGlobalSection
EndGlobal
