
Microsoft Visual Studio Solution File, Format Version 12.00
# Visual Studio 2012
Project("{8BC9CEB8-8B4A-11D0-8D11-00A0C91BC942}") = "takehome 3", "takehome 3\takehome 3.vcxproj", "{74CC1F59-B545-4CD0-A0A9-9F12290B694C}"
EndProject
Global
	GlobalSection(SolutionConfigurationPlatforms) = preSolution
		Debug|Win32 = Debug|Win32
		Release|Win32 = Release|Win32
	EndGlobalSection
	GlobalSection(ProjectConfigurationPlatforms) = postSolution
		{74CC1F59-B545-4CD0-A0A9-9F12290B694C}.Debug|Win32.ActiveCfg = Debug|Win32
		{74CC1F59-B545-4CD0-A0A9-9F12290B694C}.Debug|Win32.Build.0 = Debug|Win32
		{74CC1F59-B545-4CD0-A0A9-9F12290B694C}.Release|Win32.ActiveCfg = Release|Win32
		{74CC1F59-B545-4CD0-A0A9-9F12290B694C}.Release|Win32.Build.0 = Release|Win32
	EndGlobalSection
	GlobalSection(SolutionProperties) = preSolution
		HideSolutionNode = FALSE
	EndGlobalSection
EndGlobal
