
Microsoft Visual Studio Solution File, Format Version 12.00
# Visual Studio 2012
Project("{8BC9CEB8-8B4A-11D0-8D11-00A0C91BC942}") = "Takehome 4", "Takehome 4\Takehome 4.vcxproj", "{748414D8-21EF-42E8-89FE-0B942DD2D8BD}"
EndProject
Global
	GlobalSection(SolutionConfigurationPlatforms) = preSolution
		Debug|Win32 = Debug|Win32
		Release|Win32 = Release|Win32
	EndGlobalSection
	GlobalSection(ProjectConfigurationPlatforms) = postSolution
		{748414D8-21EF-42E8-89FE-0B942DD2D8BD}.Debug|Win32.ActiveCfg = Debug|Win32
		{748414D8-21EF-42E8-89FE-0B942DD2D8BD}.Debug|Win32.Build.0 = Debug|Win32
		{748414D8-21EF-42E8-89FE-0B942DD2D8BD}.Release|Win32.ActiveCfg = Release|Win32
		{748414D8-21EF-42E8-89FE-0B942DD2D8BD}.Release|Win32.Build.0 = Release|Win32
	EndGlobalSection
	GlobalSection(SolutionProperties) = preSolution
		HideSolutionNode = FALSE
	EndGlobalSection
	GlobalSection(Performance) = preSolution
		HasPerformanceSessions = true
	EndGlobalSection
EndGlobal
